lockfileVersion: '9.0'

settings:
  autoInstallPeers: true
  excludeLinksFromLockfile: false

importers:

  .:
    dependencies:
      clsx:
        specifier: ^2.1.1
        version: 2.1.1
      framer-motion:
        specifier: ^12.34.0
        version: 12.34.0(react@19.2.4)
      lucide-react:
        specifier: ^0.564.0
        version: 0.564.0(react@19.2.4)
      tailwind-merge:
        specifier: ^3.4.1
        version: 3.4.1

packages:

  clsx@2.1.1:
    resolution: {integrity: sha512-eYm0QWBtUrBWZWG0d386OGAw16Z995PiOVo2B7bjWSbHedGl5e0ZWaq65kOGgUSNesEIDkB9ISbTg/JK9dhCZA==}
    engines: {node: '>=6'}

  framer-motion@12.34.0:
    resolution: {integrity: sha512-+/H49owhzkzQyxtn7nZeF4kdH++I2FWrESQ184Zbcw5cEqNHYkE5yxWxcTLSj5lNx3NWdbIRy5FHqUvetD8FWg==}
    peerDependencies:
      '@emotion/is-prop-valid': '*'
      react: ^18.0.0 || ^19.0.0
      react-dom: ^18.0.0 || ^19.0.0
    peerDependenciesMeta:
      '@emotion/is-prop-valid':
        optional: true
      react:
        optional: true
      react-dom:
        optional: true

  lucide-react@0.564.0:
    resolution: {integrity: sha512-JJ8GVTQqFwuliifD48U6+h7DXEHdkhJ/E87kksGByII3qHxtPciVb8T8woQONHBQgHVOl7rSMrrip3SeVNy7Fg==}
    peerDependencies:
      react: ^16.5.1 || ^17.0.0 || ^18.0.0 || ^19.0.0

  motion-dom@12.34.0:
    resolution: {integrity: sha512-Lql3NuEcScRDxTAO6GgUsRHBZOWI/3fnMlkMcH5NftzcN37zJta+bpbMAV9px4Nj057TuvRooMK7QrzMCgtz6Q==}

  motion-utils@12.29.2:
    resolution: {integrity: sha512-G3kc34H2cX2gI63RqU+cZq+zWRRPSsNIOjpdl9TN4AQwC4sgwYPl/Q/Obf/d53nOm569T0fYK+tcoSV50BWx8A==}

  react@19.2.4:
    resolution: {integrity: sha512-9nfp2hYpCwOjAN+8TZFGhtWEwgvWHXqESH8qT89AT/lWklpLON22Lc8pEtnpsZz7VmawabSU0gCjnj8aC0euHQ==}
    engines: {node: '>=0.10.0'}

  tailwind-merge@3.4.1:
    resolution: {integrity: sha512-2OA0rFqWOkITEAOFWSBSApYkDeH9t2B3XSJuI4YztKBzK3mX0737A2qtxDZ7xkw9Zfh0bWl+r34sF3HXV+Ig7Q==}

  tslib@2.8.1:
    resolution: {integrity: sha512-oJFu94HQb+KVduSUQL7wnpmqnfmLsOA/nAh6b6EH0wCEoK0/mPeXU6c3wKDV83MkOuHPRHtSXKKU99IBazS/2w==}

snapshots:

  clsx@2.1.1: {}

  framer-motion@12.34.0(react@19.2.4):
    dependencies:
      motion-dom: 12.34.0
      motion-utils: 12.29.2
      tslib: 2.8.1
    optionalDependencies:
      react: 19.2.4

  lucide-react@0.564.0(react@19.2.4):
    dependencies:
      react: 19.2.4

  motion-dom@12.34.0:
    dependencies:
      motion-utils: 12.29.2

  motion-utils@12.29.2: {}

  react@19.2.4: {}

  tailwind-merge@3.4.1: {}

  tslib@2.8.1: {}
